// !$*UTF8*$!
{
	archiveVersion = 1;
	classes = {
	};
	objectVersion = 50;
	objects = {

/* Begin PBXBuildFile section */
		00CC1B5F216277B200D7342A /* AppDelegate.swift in Sources */ = {isa = PBXBuildFile; fileRef = 00CC1B5E216277B200D7342A /* AppDelegate.swift */; };
		00CC1B61216277B200D7342A /* ViewController.swift in Sources */ = {isa = PBXBuildFile; fileRef = 00CC1B60216277B200D7342A /* ViewController.swift */; };
		00CC1B64216277B200D7342A /* Main.storyboard in Resources */ = {isa = PBXBuildFile; fileRef = 00CC1B62216277B200D7342A /* Main.storyboard */; };
		00CC1B66216277B400D7342A /* Assets.xcassets in Resources */ = {isa = PBXBuildFile; fileRef = 00CC1B65216277B400D7342A /* Assets.xcassets */; };
		00CC1B69216277B400D7342A /* LaunchScreen.storyboard in Resources */ = {isa = PBXBuildFile; fileRef = 00CC1B67216277B400D7342A /* LaunchScreen.storyboard */; };
		00CC1B71216277D200D7342A /* GradationView.swift in Sources */ = {isa = PBXBuildFile; fileRef = 00CC1B70216277D200D7342A /* GradationView.swift */; };
/* End PBXBuildFile section */

/* Begin PBXFileReference section */
		00CC1B5B216277B200D7342A /* DesignableGradationView.app */ = {isa = PBXFileReference; explicitFileType = wrapper.application; includeInIndex = 0; path = DesignableGradationView.app; sourceTree = BUILT_PRODUCTS_DIR; };
		00CC1B5E216277B200D7342A /* AppDelegate.swift */ = {isa = PBXFileReference; lastKnownFileType = sourcecode.swift; path = AppDelegate.swift; sourceTree = "<group>"; };
		00CC1B60216277B200D7342A /* ViewController.swift */ = {isa = PBXFileReference; lastKnownFileType = sourcecode.swift; path = ViewController.swift; sourceTree = "<group>"; };
		00CC1B63216277B200D7342A /* Base */ = {isa = PBXFileReference; lastKnownFileType = file.storyboard; name = Base; path = Base.lproj/Main.storyboard; sourceTree = "<group>"; };
		00CC1B65216277B400D7342A /* Assets.xcassets */ = {isa = PBXFileReference; lastKnownFileType = folder.assetcatalog; path = Assets.xcassets; sourceTree = "<group>"; };
		00CC1B68216277B400D7342A /* Base */ = {isa = PBXFileReference; lastKnownFileType = file.storyboard; name = Base; path = Base.lproj/LaunchScreen.storyboard; sourceTree = "<group>"; };
		00CC1B6A216277B400D7342A /* Info.plist */ = {isa = PBXFileReference; lastKnownFileType = text.plist.xml; path = Info.plist; sourceTree = "<group>"; };
		00CC1B70216277D200D7342A /* GradationView.swift */ = {isa = PBXFileReference; lastKnownFileType = sourcecode.swift; path = GradationView.swift; sourceTree = "<group>"; };
/* End PBXFileReference section */

/* Begin PBXFrameworksBuildPhase section */
		00CC1B58216277B200D7342A /* Frameworks */ = {
			isa = PBXFrameworksBuildPhase;
			buildActionMask = 2147483647;
			files = (
			);
			runOnlyForDeploymentPostprocessing = 0;
		};
/* End PBXFrameworksBuildPhase section */

/* Begin PBXGroup section */
		00CC1B52216277B200D7342A = {
			isa = PBXGroup;
			children = (
				00CC1B5D216277B200D7342A /* DesignableGradationView */,
				00CC1B5C216277B200D7342A /* Products */,
			);
			sourceTree = "<group>";
		};
		00CC1B5C216277B200D7342A /* Products */ = {
			isa = PBXGroup;
			children = (
				00CC1B5B216277B200D7342A /* DesignableGradationView.app */,
			);
			name = Products;
			sourceTree = "<group>";
		};
		00CC1B5D216277B200D7342A /* DesignableGradationView */ = {
			isa = PBXGroup;
			children = (
				00CC1B5E216277B200D7342A /* AppDelegate.swift */,
				00CC1B60216277B200D7342A /* ViewController.swift */,
				00CC1B70216277D200D7342A /* GradationView.swift */,
				00CC1B62216277B200D7342A /* Main.storyboard */,
				00CC1B65216277B400D7342A /* Assets.xcassets */,
				00CC1B67216277B400D7342A /* LaunchScreen.storyboard */,
				00CC1B6A216277B400D7342A /* Info.plist */,
			);
			path = DesignableGradationView;
			sourceTree = "<group>";
		};
/* End PBXGroup section */

/* Begin PBXNativeTarget section */
		00CC1B5A216277B200D7342A /* DesignableGradationView */ = {
			isa = PBXNativeTarget;
			buildConfigurationList = 00CC1B6D216277B500D7342A /* Build configuration list for PBXNativeTarget "DesignableGradationView" */;
			buildPhases = (
				00CC1B57216277B200D7342A /* Sources */,
				00CC1B58216277B200D7342A /* Frameworks */,
				00CC1B59216277B200D7342A /* Resources */,
			);
			buildRules = (
			);
			dependencies = (
			);
			name = DesignableGradationView;
			productName = DesignableGradationView;
			productReference = 00CC1B5B216277B200D7342A /* DesignableGradationView.app */;
			productType = "com.apple.product-type.application";
		};
/* End PBXNativeTarget section */

/* Begin PBXProject section */
		00CC1B53216277B200D7342A /* Project object */ = {
			isa = PBXProject;
			attributes = {
				LastSwiftUpdateCheck = 1000;
				LastUpgradeCheck = 1000;
				ORGANIZATIONNAME = takeru;
				TargetAttributes = {
					00CC1B5A216277B200D7342A = {
						CreatedOnToolsVersion = 10.0;
					};
				};
			};
			buildConfigurationList = 00CC1B56216277B200D7342A /* Build configuration list for PBXProject "DesignableGradationView" */;
			compatibilityVersion = "Xcode 9.3";
			developmentRegion = en;
			hasScannedForEncodings = 0;
			knownRegions = (
				en,
				Base,
			);
			mainGroup = 00CC1B52216277B200D7342A;
			productRefGroup = 00CC1B5C216277B200D7342A /* Products */;
			projectDirPath = "";
			projectRoot = "";
			targets = (
				00CC1B5A216277B200D7342A /* DesignableGradationView */,
			);
		};
/* End PBXProject section */

/* Begin PBXResourcesBuildPhase section */
		00CC1B59216277B200D7342A /* Resources */ = {
			isa = PBXResourcesBuildPhase;
			buildActionMask = 2147483647;
			files = (
				00CC1B69216277B400D7342A /* LaunchScreen.storyboard in Resources */,
				00CC1B66216277B400D7342A /* Assets.xcassets in Resources */,
				00CC1B64216277B200D7342A /* Main.storyboard in Resources */,
			);
			runOnlyForDeploymentPostprocessing = 0;
		};
/* End PBXResourcesBuildPhase section */

/* Begin PBXSourcesBuildPhase section */
		00CC1B57216277B200D7342A /* Sources */ = {
			isa = PBXSourcesBuildPhase;
			buildActionMask = 2147483647;
			files = (
				00CC1B61216277B200D7342A /* ViewController.swift in Sources */,
				00CC1B5F216277B200D7342A /* AppDelegate.swift in Sources */,
				00CC1B71216277D200D7342A /* GradationView.swift in Sources */,
			);
			runOnlyForDeploymentPostprocessing = 0;
		};
/* End PBXSourcesBuildPhase section */

/* Begin PBXVariantGroup section */
		00CC1B62216277B200D7342A /* Main.storyboard */ = {
			isa = PBXVariantGroup;
			children = (
				00CC1B63216277B200D7342A /* Base */,
			);
			name = Main.storyboard;
			sourceTree = "<group>";
		};
		00CC1B67216277B400D7342A /* LaunchScreen.storyboard */ = {
			isa = PBXVariantGroup;
			children = (
				00CC1B68216277B400D7342A /* Base */,
			);
			name = LaunchScreen.storyboard;
			sourceTree = "<group>";
		};
/* End PBXVariantGroup section */

/* Begin XCBuildConfiguration section */
		00CC1B6B216277B500D7342A /* Debug */ = {
			isa = XCBuildConfiguration;
			buildSettings = {
				ALWAYS_SEARCH_USER_PATHS = NO;
				CLANG_ANALYZER_NONNULL = YES;
				CLANG_ANALYZER_NUMBER_OBJECT_CONVERSION = YES_AGGRESSIVE;
				CLANG_CXX_LANGUAGE_STANDARD = "gnu++14";
				CLANG_CXX_LIBRARY = "libc++";
				CLANG_ENABLE_MODULES = YES;
				CLANG_ENABLE_OBJC_ARC = YES;
				CLANG_ENABLE_OBJC_WEAK = YES;
				CLANG_WARN_BLOCK_CAPTURE_AUTORELEASING = YES;
				CLANG_WARN_BOOL_CONVERSION = YES;
				CLANG_WARN_COMMA = YES;
				CLANG_WARN_CONSTANT_CONVERSION = YES;
				CLANG_WARN_DEPRECATED_OBJC_IMPLEMENTATIONS = YES;
				CLANG_WARN_DIRECT_OBJC_ISA_USAGE = YES_ERROR;
				CLANG_WARN_DOCUMENTATION_COMMENTS = YES;
				CLANG_WARN_EMPTY_BODY = YES;
				CLANG_WARN_ENUM_CONVERSION = YES;
				CLANG_WARN_INFINITE_RECURSION = YES;
				CLANG_WARN_INT_CONVERSION = YES;
				CLANG_WARN_NON_LITERAL_NULL_CONVERSION = YES;
				CLANG_WARN_OBJC_IMPLICIT_RETAIN_SELF = YES;
				CLANG_WARN_OBJC_LITERAL_CONVERSION = YES;
				CLANG_WARN_OBJC_ROOT_CLASS = YES_ERROR;
				CLANG_WARN_RANGE_LOOP_ANALYSIS = YES;
				CLANG_WARN_STRICT_PROTOTYPES = YES;
				CLANG_WARN_SUSPICIOUS_MOVE = YES;
				CLANG_WARN_UNGUARDED_AVAILABILITY = YES_AGGRESSIVE;
				CLANG_WARN_UNREACHABLE_CODE = YES;
				CLANG_WARN__DUPLICATE_METHOD_MATCH = YES;
				CODE_SIGN_IDENTITY = "iPhone Developer";
				COPY_PHASE_STRIP = NO;
				DEBUG_INFORMATION_FORMAT = dwarf;
				ENABLE_STRICT_OBJC_MSGSEND = YES;
				ENABLE_TESTABILITY = YES;
				GCC_C_LANGUAGE_STANDARD = gnu11;
				GCC_DYNAMIC_NO_PIC = NO;
				GCC_NO_COMMON_BLOCKS = YES;
				GCC_OPTIMIZATION_LEVEL = 0;
				GCC_PREPROCESSOR_DEFINITIONS = (
					"DEBUG=1",
					"$(inherited)",
				);
				GCC_WARN_64_TO_32_BIT_CONVERSION = YES;
				GCC_WARN_ABOUT_RETURN_TYPE = YES_ERROR;
				GCC_WARN_UNDECLARED_SELECTOR = YES;
				GCC_WARN_UNINITIALIZED_AUTOS = YES_AGGRESSIVE;
				GCC_WARN_UNUSED_FUNCTION = YES;
				GCC_WARN_UNUSED_VARIABLE = YES;
				IPHONEOS_DEPLOYMENT_TARGET = 12.0;
				MTL_ENABLE_DEBUG_INFO = INCLUDE_SOURCE;
				MTL_FAST_MATH = YES;
				ONLY_ACTIVE_ARCH = YES;
				SDKROOT = iphoneos;
				SWIFT_ACTIVE_COMPILATION_CONDITIONS = DEBUG;
				SWIFT_OPTIMIZATION_LEVEL = "-Onone";
			};
			name = Debug;
		};
		00CC1B6C216277B500D7342A /* Release */ = {
			isa = XCBuildConfiguration;
			buildSettings = {
				ALWAYS_SEARCH_USER_PATHS = NO;
				CLANG_ANALYZER_NONNULL = YES;
				CLANG_ANALYZER_NUMBER_OBJECT_CONVERSION = YES_AGGRESSIVE;
				CLANG_CXX_LANGUAGE_STANDARD = "gnu++14";
				CLANG_CXX_LIBRARY = "libc++";
				CLANG_ENABLE_MODULES = YES;
				CLANG_ENABLE_OBJC_ARC = YES;
				CLANG_ENABLE_OBJC_WEAK = YES;
				CLANG_WARN_BLOCK_CAPTURE_AUTORELEASING = YES;
				CLANG_WARN_BOOL_CONVERSION = YES;
				CLANG_WARN_COMMA = YES;
				CLANG_WARN_CONSTANT_CONVERSION = YES;
				CLANG_WARN_DEPRECATED_OBJC_IMPLEMENTATIONS = YES;
				CLANG_WARN_DIRECT_OBJC_ISA_USAGE = YES_ERROR;
				CLANG_WARN_DOCUMENTATION_COMMENTS = YES;
				CLANG_WARN_EMPTY_BODY = YES;
				CLANG_WARN_ENUM_CONVERSION = YES;
				CLANG_WARN_INFINITE_RECURSION = YES;
				CLANG_WARN_INT_CONVERSION = YES;
				CLANG_WARN_NON_LITERAL_NULL_CONVERSION = YES;
				CLANG_WARN_OBJC_IMPLICIT_RETAIN_SELF = YES;
				CLANG_WARN_OBJC_LITERAL_CONVERSION = YES;
				CLANG_WARN_OBJC_ROOT_CLASS = YES_ERROR;
				CLANG_WARN_RANGE_LOOP_ANALYSIS = YES;
				CLANG_WARN_STRICT_PROTOTYPES = YES;
				CLANG_WARN_SUSPICIOUS_MOVE = YES;
				CLANG_WARN_UNGUARDED_AVAILABILITY = YES_AGGRESSIVE;
				CLANG_WARN_UNREACHABLE_CODE = YES;
				CLANG_WARN__DUPLICATE_METHOD_MATCH = YES;
				CODE_SIGN_IDENTITY = "iPhone Developer";
				COPY_PHASE_STRIP = NO;
				DEBUG_INFORMATION_FORMAT = "dwarf-with-dsym";
				ENABLE_NS_ASSERTIONS = NO;
				ENABLE_STRICT_OBJC_MSGSEND = YES;
				GCC_C_LANGUAGE_STANDARD = gnu11;
				GCC_NO_COMMON_BLOCKS = YES;
				GCC_WARN_64_TO_32_BIT_CONVERSION = YES;
				GCC_WARN_ABOUT_RETURN_TYPE = YES_ERROR;
				GCC_WARN_UNDECLARED_SELECTOR = YES;
				GCC_WARN_UNINITIALIZED_AUTOS = YES_AGGRESSIVE;
				GCC_WARN_UNUSED_FUNCTION = YES;
				GCC_WARN_UNUSED_VARIABLE = YES;
				IPHONEOS_DEPLOYMENT_TARGET = 12.0;
				MTL_ENABLE_DEBUG_INFO = NO;
				MTL_FAST_MATH = YES;
				SDKROOT = iphoneos;
				SWIFT_COMPILATION_MODE = wholemodule;
				SWIFT_OPTIMIZATION_LEVEL = "-O";
				VALIDATE_PRODUCT = YES;
			};
			name = Release;
		};
		00CC1B6E216277B500D7342A /* Debug */ = {
			isa = XCBuildConfiguration;
			buildSettings = {
				ASSETCATALOG_COMPILER_APPICON_NAME = AppIcon;
				CODE_SIGN_STYLE = Automatic;
				DEVELOPMENT_TEAM = 8CT28C7263;
				INFOPLIST_FILE = DesignableGradationView/Info.plist;
				LD_RUNPATH_SEARCH_PATHS = (
					"$(inherited)",
					"@executable_path/Frameworks",
				);
				PRODUCT_BUNDLE_IDENTIFIER = com.son.DesignableGradationView;
				PRODUCT_NAME = "$(TARGET_NAME)";
				SWIFT_VERSION = 4.2;
				TARGETED_DEVICE_FAMILY = "1,2";
			};
			name = Debug;
		};
		00CC1B6F216277B500D7342A /* Release */ = {
			isa = XCBuildConfiguration;
			buildSettings = {
				ASSETCATALOG_COMPILER_APPICON_NAME = AppIcon;
				CODE_SIGN_STYLE = Automatic;
				DEVELOPMENT_TEAM = 8CT28C7263;
				INFOPLIST_FILE = DesignableGradationView/Info.plist;
				LD_RUNPATH_SEARCH_PATHS = (
					"$(inherited)",
					"@executable_path/Frameworks",
				);
				PRODUCT_BUNDLE_IDENTIFIER = com.son.DesignableGradationView;
				PRODUCT_NAME = "$(TARGET_NAME)";
				SWIFT_VERSION = 4.2;
				TARGETED_DEVICE_FAMILY = "1,2";
			};
			name = Release;
		};
/* End XCBuildConfiguration section */

/* Begin XCConfigurationList section */
		00CC1B56216277B200D7342A /* Build configuration list for PBXProject "DesignableGradationView" */ = {
			isa = XCConfigurationList;
			buildConfigurations = (
				00CC1B6B216277B500D7342A /* Debug */,
				00CC1B6C216277B500D7342A /* Release */,
			);
			defaultConfigurationIsVisible = 0;
			defaultConfigurationName = Release;
		};
		00CC1B6D216277B500D7342A /* Build configuration list for PBXNativeTarget "DesignableGradationView" */ = {
			isa = XCConfigurationList;
			buildConfigurations = (
				00CC1B6E216277B500D7342A /* Debug */,
				00CC1B6F216277B500D7342A /* Release */,
			);
			defaultConfigurationIsVisible = 0;
			defaultConfigurationName = Release;
		};
/* End XCConfigurationList section */
	};
	rootObject = 00CC1B53216277B200D7342A /* Project object */;
}
